// !$*UTF8*$!
{
	archiveVersion = 1;
	classes = {
	};
	objectVersion = 55;
	objects = {

/* Begin PBXBuildFile section */
		3F2E52C92801860A00CC0CE4 /* PerformanceView.storyboard in Resources */ = {isa = PBXBuildFile; fileRef = 3F2E52B82801860A00CC0CE4 /* PerformanceView.storyboard */; };
		3F2E52CB2801860A00CC0CE4 /* TimerView.swift in Sources */ = {isa = PBXBuildFile; fileRef = 3F2E52BA2801860A00CC0CE4 /* TimerView.swift */; };
		3F2E52D02801860A00CC0CE4 /* Session.swift in Sources */ = {isa = PBXBuildFile; fileRef = 3F2E52BF2801860A00CC0CE4 /* Session.swift */; };
		3F2E52D42801860A00CC0CE4 /* TimerView.xib in Resources */ = {isa = PBXBuildFile; fileRef = 3F2E52C32801860A00CC0CE4 /* TimerView.xib */; };
		3F2E52D52801860A00CC0CE4 /* UserPerformance.swift in Sources */ = {isa = PBXBuildFile; fileRef = 3F2E52C42801860A00CC0CE4 /* UserPerformance.swift */; };
		3F2E52D62801860A00CC0CE4 /* SessionTimer.swift in Sources */ = {isa = PBXBuildFile; fileRef = 3F2E52C52801860A00CC0CE4 /* SessionTimer.swift */; };
		3F2E52D72801860A00CC0CE4 /* PerformanceController.swift in Sources */ = {isa = PBXBuildFile; fileRef = 3F2E52C62801860A00CC0CE4 /* PerformanceController.swift */; };
		3F2E52DB2801899F00CC0CE4 /* SystemData.swift in Sources */ = {isa = PBXBuildFile; fileRef = 3F2E52DA2801899F00CC0CE4 /* SystemData.swift */; };
		3F2E52DD280193DA00CC0CE4 /* Main.storyboard in Resources */ = {isa = PBXBuildFile; fileRef = 3F2E52DC280193DA00CC0CE4 /* Main.storyboard */; };
		3F35A0CD2802C4C600EB347F /* Onboarding.storyboard in Resources */ = {isa = PBXBuildFile; fileRef = 3F35A0CC2802C4C600EB347F /* Onboarding.storyboard */; };
		3F35A0D52802D66100EB347F /* HomeViewController.swift in Sources */ = {isa = PBXBuildFile; fileRef = 3F35A0D42802D66100EB347F /* HomeViewController.swift */; };
		3F35A0D72802DA9100EB347F /* NotificationRequestViewController.swift in Sources */ = {isa = PBXBuildFile; fileRef = 3F35A0D62802DA9100EB347F /* NotificationRequestViewController.swift */; };
		951EFD2027FBFDC200AFEFCF /* AppNotification.swift in Sources */ = {isa = PBXBuildFile; fileRef = 951EFD1F27FBFDC200AFEFCF /* AppNotification.swift */; };
		95E48AAF27FAA8F9000B4A4C /* AppDelegate.swift in Sources */ = {isa = PBXBuildFile; fileRef = 95E48AAE27FAA8F9000B4A4C /* AppDelegate.swift */; };
		95E48AB127FAA8F9000B4A4C /* SceneDelegate.swift in Sources */ = {isa = PBXBuildFile; fileRef = 95E48AB027FAA8F9000B4A4C /* SceneDelegate.swift */; };
		95E48AB827FAA8F9000B4A4C /* Assets.xcassets in Resources */ = {isa = PBXBuildFile; fileRef = 95E48AB727FAA8F9000B4A4C /* Assets.xcassets */; };
		95E48ABB27FAA8F9000B4A4C /* LaunchScreen.storyboard in Resources */ = {isa = PBXBuildFile; fileRef = 95E48AB927FAA8F9000B4A4C /* LaunchScreen.storyboard */; };
/* End PBXBuildFile section */

/* Begin PBXFileReference section */
		3F2E52B82801860A00CC0CE4 /* PerformanceView.storyboard */ = {isa = PBXFileReference; fileEncoding = 4; lastKnownFileType = file.storyboard; path = PerformanceView.storyboard; sourceTree = "<group>"; };
		3F2E52BA2801860A00CC0CE4 /* TimerView.swift */ = {isa = PBXFileReference; fileEncoding = 4; lastKnownFileType = sourcecode.swift; path = TimerView.swift; sourceTree = "<group>"; };
		3F2E52BF2801860A00CC0CE4 /* Session.swift */ = {isa = PBXFileReference; fileEncoding = 4; lastKnownFileType = sourcecode.swift; path = Session.swift; sourceTree = "<group>"; };
		3F2E52C32801860A00CC0CE4 /* TimerView.xib */ = {isa = PBXFileReference; fileEncoding = 4; lastKnownFileType = file.xib; path = TimerView.xib; sourceTree = "<group>"; };
		3F2E52C42801860A00CC0CE4 /* UserPerformance.swift */ = {isa = PBXFileReference; fileEncoding = 4; lastKnownFileType = sourcecode.swift; path = UserPerformance.swift; sourceTree = "<group>"; };
		3F2E52C52801860A00CC0CE4 /* SessionTimer.swift */ = {isa = PBXFileReference; fileEncoding = 4; lastKnownFileType = sourcecode.swift; path = SessionTimer.swift; sourceTree = "<group>"; };
		3F2E52C62801860A00CC0CE4 /* PerformanceController.swift */ = {isa = PBXFileReference; fileEncoding = 4; lastKnownFileType = sourcecode.swift; path = PerformanceController.swift; sourceTree = "<group>"; };
		3F2E52DA2801899F00CC0CE4 /* SystemData.swift */ = {isa = PBXFileReference; lastKnownFileType = sourcecode.swift; path = SystemData.swift; sourceTree = "<group>"; };
		3F2E52DC280193DA00CC0CE4 /* Main.storyboard */ = {isa = PBXFileReference; lastKnownFileType = file.storyboard; path = Main.storyboard; sourceTree = "<group>"; };
		3F35A0CC2802C4C600EB347F /* Onboarding.storyboard */ = {isa = PBXFileReference; lastKnownFileType = file.storyboard; path = Onboarding.storyboard; sourceTree = "<group>"; };
		3F35A0D42802D66100EB347F /* HomeViewController.swift */ = {isa = PBXFileReference; lastKnownFileType = sourcecode.swift; path = HomeViewController.swift; sourceTree = "<group>"; };
		3F35A0D62802DA9100EB347F /* NotificationRequestViewController.swift */ = {isa = PBXFileReference; lastKnownFileType = sourcecode.swift; path = NotificationRequestViewController.swift; sourceTree = "<group>"; };
		951EFD1F27FBFDC200AFEFCF /* AppNotification.swift */ = {isa = PBXFileReference; fileEncoding = 4; lastKnownFileType = sourcecode.swift; path = AppNotification.swift; sourceTree = "<group>"; };
		95E48AAB27FAA8F9000B4A4C /* MC1 Sunpride.app */ = {isa = PBXFileReference; explicitFileType = wrapper.application; includeInIndex = 0; path = "MC1 Sunpride.app"; sourceTree = BUILT_PRODUCTS_DIR; };
		95E48AAE27FAA8F9000B4A4C /* AppDelegate.swift */ = {isa = PBXFileReference; lastKnownFileType = sourcecode.swift; path = AppDelegate.swift; sourceTree = "<group>"; };
		95E48AB027FAA8F9000B4A4C /* SceneDelegate.swift */ = {isa = PBXFileReference; lastKnownFileType = sourcecode.swift; path = SceneDelegate.swift; sourceTree = "<group>"; };
		95E48AB727FAA8F9000B4A4C /* Assets.xcassets */ = {isa = PBXFileReference; lastKnownFileType = folder.assetcatalog; path = Assets.xcassets; sourceTree = "<group>"; };
		95E48ABA27FAA8F9000B4A4C /* Base */ = {isa = PBXFileReference; lastKnownFileType = file.storyboard; name = Base; path = Base.lproj/LaunchScreen.storyboard; sourceTree = "<group>"; };
		95E48ABC27FAA8F9000B4A4C /* Info.plist */ = {isa = PBXFileReference; lastKnownFileType = text.plist.xml; path = Info.plist; sourceTree = "<group>"; };
/* End PBXFileReference section */

/* Begin PBXFrameworksBuildPhase section */
		95E48AA827FAA8F9000B4A4C /* Frameworks */ = {
			isa = PBXFrameworksBuildPhase;
			buildActionMask = 2147483647;
			files = (
			);
			runOnlyForDeploymentPostprocessing = 0;
		};
/* End PBXFrameworksBuildPhase section */

/* Begin PBXGroup section */
		95E48AA227FAA8F9000B4A4C = {
			isa = PBXGroup;
			children = (
				95E48AAD27FAA8F9000B4A4C /* MC1 Sunpride */,
				95E48AAC27FAA8F9000B4A4C /* Products */,
			);
			sourceTree = "<group>";
		};
		95E48AAC27FAA8F9000B4A4C /* Products */ = {
			isa = PBXGroup;
			children = (
				95E48AAB27FAA8F9000B4A4C /* MC1 Sunpride.app */,
			);
			name = Products;
			sourceTree = "<group>";
		};
		95E48AAD27FAA8F9000B4A4C /* MC1 Sunpride */ = {
			isa = PBXGroup;
			children = (
				3F35A0D42802D66100EB347F /* HomeViewController.swift */,
				3F35A0CC2802C4C600EB347F /* Onboarding.storyboard */,
				3F2E52DA2801899F00CC0CE4 /* SystemData.swift */,
				95E48AAE27FAA8F9000B4A4C /* AppDelegate.swift */,
				95E48AB027FAA8F9000B4A4C /* SceneDelegate.swift */,
				3F2E52BF2801860A00CC0CE4 /* Session.swift */,
				3F2E52C52801860A00CC0CE4 /* SessionTimer.swift */,
				3F2E52BA2801860A00CC0CE4 /* TimerView.swift */,
				3F2E52C32801860A00CC0CE4 /* TimerView.xib */,
				3F2E52C42801860A00CC0CE4 /* UserPerformance.swift */,
				951EFD1F27FBFDC200AFEFCF /* AppNotification.swift */,
				95E48AB727FAA8F9000B4A4C /* Assets.xcassets */,
				95E48AB927FAA8F9000B4A4C /* LaunchScreen.storyboard */,
				95E48ABC27FAA8F9000B4A4C /* Info.plist */,
				3F2E52C62801860A00CC0CE4 /* PerformanceController.swift */,
				3F2E52B82801860A00CC0CE4 /* PerformanceView.storyboard */,
				3F2E52DC280193DA00CC0CE4 /* Main.storyboard */,
				3F35A0D62802DA9100EB347F /* NotificationRequestViewController.swift */,
			);
			path = "MC1 Sunpride";
			sourceTree = "<group>";
		};
/* End PBXGroup section */

/* Begin PBXNativeTarget section */
		95E48AAA27FAA8F9000B4A4C /* MC1 Sunpride */ = {
			isa = PBXNativeTarget;
			buildConfigurationList = 95E48ABF27FAA8F9000B4A4C /* Build configuration list for PBXNativeTarget "MC1 Sunpride" */;
			buildPhases = (
				95E48AA727FAA8F9000B4A4C /* Sources */,
				95E48AA827FAA8F9000B4A4C /* Frameworks */,
				95E48AA927FAA8F9000B4A4C /* Resources */,
			);
			buildRules = (
			);
			dependencies = (
			);
			name = "MC1 Sunpride";
			productName = "MC1 Sunpride";
			productReference = 95E48AAB27FAA8F9000B4A4C /* MC1 Sunpride.app */;
			productType = "com.apple.product-type.application";
		};
/* End PBXNativeTarget section */

/* Begin PBXProject section */
		95E48AA327FAA8F9000B4A4C /* Project object */ = {
			isa = PBXProject;
			attributes = {
				BuildIndependentTargetsInParallel = 1;
				LastSwiftUpdateCheck = 1330;
				LastUpgradeCheck = 1330;
				TargetAttributes = {
					95E48AAA27FAA8F9000B4A4C = {
						CreatedOnToolsVersion = 13.3;
					};
				};
			};
			buildConfigurationList = 95E48AA627FAA8F9000B4A4C /* Build configuration list for PBXProject "MC1 Sunpride" */;
			compatibilityVersion = "Xcode 13.0";
			developmentRegion = en;
			hasScannedForEncodings = 0;
			knownRegions = (
				en,
				Base,
			);
			mainGroup = 95E48AA227FAA8F9000B4A4C;
			productRefGroup = 95E48AAC27FAA8F9000B4A4C /* Products */;
			projectDirPath = "";
			projectRoot = "";
			targets = (
				95E48AAA27FAA8F9000B4A4C /* MC1 Sunpride */,
			);
		};
/* End PBXProject section */

/* Begin PBXResourcesBuildPhase section */
		95E48AA927FAA8F9000B4A4C /* Resources */ = {
			isa = PBXResourcesBuildPhase;
			buildActionMask = 2147483647;
			files = (
				95E48ABB27FAA8F9000B4A4C /* LaunchScreen.storyboard in Resources */,
				3F2E52DD280193DA00CC0CE4 /* Main.storyboard in Resources */,
				3F2E52C92801860A00CC0CE4 /* PerformanceView.storyboard in Resources */,
				3F2E52D42801860A00CC0CE4 /* TimerView.xib in Resources */,
				3F35A0CD2802C4C600EB347F /* Onboarding.storyboard in Resources */,
				95E48AB827FAA8F9000B4A4C /* Assets.xcassets in Resources */,
			);
			runOnlyForDeploymentPostprocessing = 0;
		};
/* End PBXResourcesBuildPhase section */

/* Begin PBXSourcesBuildPhase section */
		95E48AA727FAA8F9000B4A4C /* Sources */ = {
			isa = PBXSourcesBuildPhase;
			buildActionMask = 2147483647;
			files = (
				3F2E52D72801860A00CC0CE4 /* PerformanceController.swift in Sources */,
				3F2E52D02801860A00CC0CE4 /* Session.swift in Sources */,
				3F2E52D52801860A00CC0CE4 /* UserPerformance.swift in Sources */,
				3F2E52CB2801860A00CC0CE4 /* TimerView.swift in Sources */,
				3F2E52D62801860A00CC0CE4 /* SessionTimer.swift in Sources */,
				951EFD2027FBFDC200AFEFCF /* AppNotification.swift in Sources */,
				95E48AAF27FAA8F9000B4A4C /* AppDelegate.swift in Sources */,
				3F35A0D72802DA9100EB347F /* NotificationRequestViewController.swift in Sources */,
				3F2E52DB2801899F00CC0CE4 /* SystemData.swift in Sources */,
				95E48AB127FAA8F9000B4A4C /* SceneDelegate.swift in Sources */,
				3F35A0D52802D66100EB347F /* HomeViewController.swift in Sources */,
			);
			runOnlyForDeploymentPostprocessing = 0;
		};
/* End PBXSourcesBuildPhase section */

/* Begin PBXVariantGroup section */
		95E48AB927FAA8F9000B4A4C /* LaunchScreen.storyboard */ = {
			isa = PBXVariantGroup;
			children = (
				95E48ABA27FAA8F9000B4A4C /* Base */,
			);
			name = LaunchScreen.storyboard;
			sourceTree = "<group>";
		};
/* End PBXVariantGroup section */

/* Begin XCBuildConfiguration section */
		95E48ABD27FAA8F9000B4A4C /* Debug */ = {
			isa = XCBuildConfiguration;
			buildSettings = {
				ALWAYS_SEARCH_USER_PATHS = NO;
				CLANG_ANALYZER_NONNULL = YES;
				CLANG_ANALYZER_NUMBER_OBJECT_CONVERSION = YES_AGGRESSIVE;
				CLANG_CXX_LANGUAGE_STANDARD = "gnu++17";
				CLANG_ENABLE_MODULES = YES;
				CLANG_ENABLE_OBJC_ARC = YES;
				CLANG_ENABLE_OBJC_WEAK = YES;
				CLANG_WARN_BLOCK_CAPTURE_AUTORELEASING = YES;
				CLANG_WARN_BOOL_CONVERSION = YES;
				CLANG_WARN_COMMA = YES;
				CLANG_WARN_CONSTANT_CONVERSION = YES;
				CLANG_WARN_DEPRECATED_OBJC_IMPLEMENTATIONS = YES;
				CLANG_WARN_DIRECT_OBJC_ISA_USAGE = YES_ERROR;
				CLANG_WARN_DOCUMENTATION_COMMENTS = YES;
				CLANG_WARN_EMPTY_BODY = YES;
				CLANG_WARN_ENUM_CONVERSION = YES;
				CLANG_WARN_INFINITE_RECURSION = YES;
				CLANG_WARN_INT_CONVERSION = YES;
				CLANG_WARN_NON_LITERAL_NULL_CONVERSION = YES;
				CLANG_WARN_OBJC_IMPLICIT_RETAIN_SELF = YES;
				CLANG_WARN_OBJC_LITERAL_CONVERSION = YES;
				CLANG_WARN_OBJC_ROOT_CLASS = YES_ERROR;
				CLANG_WARN_QUOTED_INCLUDE_IN_FRAMEWORK_HEADER = YES;
				CLANG_WARN_RANGE_LOOP_ANALYSIS = YES;
				CLANG_WARN_STRICT_PROTOTYPES = YES;
				CLANG_WARN_SUSPICIOUS_MOVE = YES;
				CLANG_WARN_UNGUARDED_AVAILABILITY = YES_AGGRESSIVE;
				CLANG_WARN_UNREACHABLE_CODE = YES;
				CLANG_WARN__DUPLICATE_METHOD_MATCH = YES;
				COPY_PHASE_STRIP = NO;
				DEBUG_INFORMATION_FORMAT = dwarf;
				ENABLE_STRICT_OBJC_MSGSEND = YES;
				ENABLE_TESTABILITY = YES;
				GCC_C_LANGUAGE_STANDARD = gnu11;
				GCC_DYNAMIC_NO_PIC = NO;
				GCC_NO_COMMON_BLOCKS = YES;
				GCC_OPTIMIZATION_LEVEL = 0;
				GCC_PREPROCESSOR_DEFINITIONS = (
					"DEBUG=1",
					"$(inherited)",
				);
				GCC_WARN_64_TO_32_BIT_CONVERSION = YES;
				GCC_WARN_ABOUT_RETURN_TYPE = YES_ERROR;
				GCC_WARN_UNDECLARED_SELECTOR = YES;
				GCC_WARN_UNINITIALIZED_AUTOS = YES_AGGRESSIVE;
				GCC_WARN_UNUSED_FUNCTION = YES;
				GCC_WARN_UNUSED_VARIABLE = YES;
				IPHONEOS_DEPLOYMENT_TARGET = 15.4;
				MTL_ENABLE_DEBUG_INFO = INCLUDE_SOURCE;
				MTL_FAST_MATH = YES;
				ONLY_ACTIVE_ARCH = YES;
				SDKROOT = iphoneos;
				SWIFT_ACTIVE_COMPILATION_CONDITIONS = DEBUG;
				SWIFT_OPTIMIZATION_LEVEL = "-Onone";
			};
			name = Debug;
		};
		95E48ABE27FAA8F9000B4A4C /* Release */ = {
			isa = XCBuildConfiguration;
			buildSettings = {
				ALWAYS_SEARCH_USER_PATHS = NO;
				CLANG_ANALYZER_NONNULL = YES;
				CLANG_ANALYZER_NUMBER_OBJECT_CONVERSION = YES_AGGRESSIVE;
				CLANG_CXX_LANGUAGE_STANDARD = "gnu++17";
				CLANG_ENABLE_MODULES = YES;
				CLANG_ENABLE_OBJC_ARC = YES;
				CLANG_ENABLE_OBJC_WEAK = YES;
				CLANG_WARN_BLOCK_CAPTURE_AUTORELEASING = YES;
				CLANG_WARN_BOOL_CONVERSION = YES;
				CLANG_WARN_COMMA = YES;
				CLANG_WARN_CONSTANT_CONVERSION = YES;
				CLANG_WARN_DEPRECATED_OBJC_IMPLEMENTATIONS = YES;
				CLANG_WARN_DIRECT_OBJC_ISA_USAGE = YES_ERROR;
				CLANG_WARN_DOCUMENTATION_COMMENTS = YES;
				CLANG_WARN_EMPTY_BODY = YES;
				CLANG_WARN_ENUM_CONVERSION = YES;
				CLANG_WARN_INFINITE_RECURSION = YES;
				CLANG_WARN_INT_CONVERSION = YES;
				CLANG_WARN_NON_LITERAL_NULL_CONVERSION = YES;
				CLANG_WARN_OBJC_IMPLICIT_RETAIN_SELF = YES;
				CLANG_WARN_OBJC_LITERAL_CONVERSION = YES;
				CLANG_WARN_OBJC_ROOT_CLASS = YES_ERROR;
				CLANG_WARN_QUOTED_INCLUDE_IN_FRAMEWORK_HEADER = YES;
				CLANG_WARN_RANGE_LOOP_ANALYSIS = YES;
				CLANG_WARN_STRICT_PROTOTYPES = YES;
				CLANG_WARN_SUSPICIOUS_MOVE = YES;
				CLANG_WARN_UNGUARDED_AVAILABILITY = YES_AGGRESSIVE;
				CLANG_WARN_UNREACHABLE_CODE = YES;
				CLANG_WARN__DUPLICATE_METHOD_MATCH = YES;
				COPY_PHASE_STRIP = NO;
				DEBUG_INFORMATION_FORMAT = "dwarf-with-dsym";
				ENABLE_NS_ASSERTIONS = NO;
				ENABLE_STRICT_OBJC_MSGSEND = YES;
				GCC_C_LANGUAGE_STANDARD = gnu11;
				GCC_NO_COMMON_BLOCKS = YES;
				GCC_WARN_64_TO_32_BIT_CONVERSION = YES;
				GCC_WARN_ABOUT_RETURN_TYPE = YES_ERROR;
				GCC_WARN_UNDECLARED_SELECTOR = YES;
				GCC_WARN_UNINITIALIZED_AUTOS = YES_AGGRESSIVE;
				GCC_WARN_UNUSED_FUNCTION = YES;
				GCC_WARN_UNUSED_VARIABLE = YES;
				IPHONEOS_DEPLOYMENT_TARGET = 15.4;
				MTL_ENABLE_DEBUG_INFO = NO;
				MTL_FAST_MATH = YES;
				SDKROOT = iphoneos;
				SWIFT_COMPILATION_MODE = wholemodule;
				SWIFT_OPTIMIZATION_LEVEL = "-O";
				VALIDATE_PRODUCT = YES;
			};
			name = Release;
		};
		95E48AC027FAA8F9000B4A4C /* Debug */ = {
			isa = XCBuildConfiguration;
			buildSettings = {
				ASSETCATALOG_COMPILER_APPICON_NAME = AppIcon;
				ASSETCATALOG_COMPILER_GLOBAL_ACCENT_COLOR_NAME = AccentColor;
				CODE_SIGN_IDENTITY = "Apple Development";
				CODE_SIGN_STYLE = Automatic;
				CURRENT_PROJECT_VERSION = 1;
				DEVELOPMENT_TEAM = 435LRWY56J;
				GENERATE_INFOPLIST_FILE = YES;
				INFOPLIST_FILE = "MC1 Sunpride/Info.plist";
				INFOPLIST_KEY_CFBundleDisplayName = CineBreak;
				INFOPLIST_KEY_UIApplicationSupportsIndirectInputEvents = YES;
				INFOPLIST_KEY_UILaunchStoryboardName = LaunchScreen;
				INFOPLIST_KEY_UIMainStoryboardFile = Main;
				INFOPLIST_KEY_UISupportedInterfaceOrientations = UIInterfaceOrientationPortrait;
				INFOPLIST_KEY_UISupportedInterfaceOrientations_iPad = "UIInterfaceOrientationPortrait UIInterfaceOrientationPortraitUpsideDown UIInterfaceOrientationLandscapeLeft UIInterfaceOrientationLandscapeRight";
				INFOPLIST_KEY_UISupportedInterfaceOrientations_iPhone = "UIInterfaceOrientationPortrait UIInterfaceOrientationLandscapeLeft UIInterfaceOrientationLandscapeRight";
				LD_RUNPATH_SEARCH_PATHS = (
					"$(inherited)",
					"@executable_path/Frameworks",
				);
				MARKETING_VERSION = 1.0;
				PRODUCT_BUNDLE_IDENTIFIER = com.sunpride.cinebreak;
				PRODUCT_NAME = "$(TARGET_NAME)";
				PROVISIONING_PROFILE_SPECIFIER = "";
				SWIFT_EMIT_LOC_STRINGS = YES;
				SWIFT_VERSION = 5.0;
				TARGETED_DEVICE_FAMILY = "1,2";
			};
			name = Debug;
		};
		95E48AC127FAA8F9000B4A4C /* Release */ = {
			isa = XCBuildConfiguration;
			buildSettings = {
				ASSETCATALOG_COMPILER_APPICON_NAME = AppIcon;
				ASSETCATALOG_COMPILER_GLOBAL_ACCENT_COLOR_NAME = AccentColor;
				CODE_SIGN_IDENTITY = "Apple Development";
				CODE_SIGN_STYLE = Automatic;
				CURRENT_PROJECT_VERSION = 1;
				DEVELOPMENT_TEAM = 435LRWY56J;
				GENERATE_INFOPLIST_FILE = YES;
				INFOPLIST_FILE = "MC1 Sunpride/Info.plist";
				INFOPLIST_KEY_CFBundleDisplayName = CineBreak;
				INFOPLIST_KEY_UIApplicationSupportsIndirectInputEvents = YES;
				INFOPLIST_KEY_UILaunchStoryboardName = LaunchScreen;
				INFOPLIST_KEY_UIMainStoryboardFile = Main;
				INFOPLIST_KEY_UISupportedInterfaceOrientations = UIInterfaceOrientationPortrait;
				INFOPLIST_KEY_UISupportedInterfaceOrientations_iPad = "UIInterfaceOrientationPortrait UIInterfaceOrientationPortraitUpsideDown UIInterfaceOrientationLandscapeLeft UIInterfaceOrientationLandscapeRight";
				INFOPLIST_KEY_UISupportedInterfaceOrientations_iPhone = "UIInterfaceOrientationPortrait UIInterfaceOrientationLandscapeLeft UIInterfaceOrientationLandscapeRight";
				LD_RUNPATH_SEARCH_PATHS = (
					"$(inherited)",
					"@executable_path/Frameworks",
				);
				MARKETING_VERSION = 1.0;
				PRODUCT_BUNDLE_IDENTIFIER = com.sunpride.cinebreak;
				PRODUCT_NAME = "$(TARGET_NAME)";
				PROVISIONING_PROFILE_SPECIFIER = "";
				SWIFT_EMIT_LOC_STRINGS = YES;
				SWIFT_VERSION = 5.0;
				TARGETED_DEVICE_FAMILY = "1,2";
			};
			name = Release;
		};
/* End XCBuildConfiguration section */

/* Begin XCConfigurationList section */
		95E48AA627FAA8F9000B4A4C /* Build configuration list for PBXProject "MC1 Sunpride" */ = {
			isa = XCConfigurationList;
			buildConfigurations = (
				95E48ABD27FAA8F9000B4A4C /* Debug */,
				95E48ABE27FAA8F9000B4A4C /* Release */,
			);
			defaultConfigurationIsVisible = 0;
			defaultConfigurationName = Release;
		};
		95E48ABF27FAA8F9000B4A4C /* Build configuration list for PBXNativeTarget "MC1 Sunpride" */ = {
			isa = XCConfigurationList;
			buildConfigurations = (
				95E48AC027FAA8F9000B4A4C /* Debug */,
				95E48AC127FAA8F9000B4A4C /* Release */,
			);
			defaultConfigurationIsVisible = 0;
			defaultConfigurationName = Release;
		};
/* End XCConfigurationList section */
	};
	rootObject = 95E48AA327FAA8F9000B4A4C /* Project object */;
}
